
Microsoft Visual Studio Solution File, Format Version 12.00
# Visual Studio Version 16
VisualStudioVersion = 16.0.29709.97
MinimumVisualStudioVersion = 10.0.40219.1
Project("{8BC9CEB8-8B4A-11D0-8D11-00A0C91BC942}") = "9lab", "9lab\9lab.vcxproj", "{C9FD9439-8F37-484B-AB1D-B35615D917EC}"
EndProject
Global
	GlobalSection(SolutionConfigurationPlatforms) = preSolution
		Debug|x64 = Debug|x64
		Debug|x86 = Debug|x86
		Release|x64 = Release|x64
		Release|x86 = Release|x86
	EndGlobalSection
	GlobalSection(ProjectConfigurationPlatforms) = postSolution
		{C9FD9439-8F37-484B-AB1D-B35615D917EC}.Debug|x64.ActiveCfg = Debug|x64
		{C9FD9439-8F37-484B-AB1D-B35615D917EC}.Debug|x64.Build.0 = Debug|x64
		{C9FD9439-8F37-484B-AB1D-B35615D917EC}.Debug|x86.ActiveCfg = Debug|Win32
		{C9FD9439-8F37-484B-AB1D-B35615D917EC}.Debug|x86.Build.0 = Debug|Win32
		{C9FD9439-8F37-484B-AB1D-B35615D917EC}.Release|x64.ActiveCfg = Release|x64
		{C9FD9439-8F37-484B-AB1D-B35615D917EC}.Release|x64.Build.0 = Release|x64
		{C9FD9439-8F37-484B-AB1D-B35615D917EC}.Release|x86.ActiveCfg = Release|Win32
		{C9FD9439-8F37-484B-AB1D-B35615D917EC}.Release|x86.Build.0 = Release|Win32
	EndGlobalSection
	GlobalSection(SolutionProperties) = preSolution
		HideSolutionNode = FALSE
	EndGlobalSection
	GlobalSection(ExtensibilityGlobals) = postSolution
		SolutionGuid = {FDF1F760-3BB8-404F-8403-915F1553F039}
	EndGlobalSection
EndGlobal
